
Microsoft Visual Studio Solution File, Format Version 12.00
# Visual Studio Version 17
VisualStudioVersion = 17.8.34330.188
MinimumVisualStudioVersion = 10.0.40219.1
Project("{FAE04EC0-301F-11D3-BF4B-00C04F79EFBC}") = "Ejercicio 7", "Ejercicio 7\Ejercicio 7.csproj", "{D2DA8701-F639-4ED7-9931-0CBCC182D19A}"
EndProject
Global
	GlobalSection(SolutionConfigurationPlatforms) = preSolution
		Debug|Any CPU = Debug|Any CPU
		Release|Any CPU = Release|Any CPU
	EndGlobalSection
	GlobalSection(ProjectConfigurationPlatforms) = postSolution
		{D2DA8701-F639-4ED7-9931-0CBCC182D19A}.Debug|Any CPU.ActiveCfg = Debug|Any CPU
		{D2DA8701-F639-4ED7-9931-0CBCC182D19A}.Debug|Any CPU.Build.0 = Debug|Any CPU
		{D2DA8701-F639-4ED7-9931-0CBCC182D19A}.Release|Any CPU.ActiveCfg = Release|Any CPU
		{D2DA8701-F639-4ED7-9931-0CBCC182D19A}.Release|Any CPU.Build.0 = Release|Any CPU
	EndGlobalSection
	GlobalSection(SolutionProperties) = preSolution
		HideSolutionNode = FALSE
	EndGlobalSection
	GlobalSection(ExtensibilityGlobals) = postSolution
		SolutionGuid = {C2E481E9-0352-4A50-84E3-9C28365059AA}
	EndGlobalSection
EndGlobal
