
Microsoft Visual Studio Solution File, Format Version 12.00
# Visual Studio Version 17
VisualStudioVersion = 17.8.34330.188
MinimumVisualStudioVersion = 10.0.40219.1
Project("{FAE04EC0-301F-11D3-BF4B-00C04F79EFBC}") = "Ejercicios 2", "Ejercicios 2\Ejercicios 2.csproj", "{13C19260-19A2-4381-8B75-FE142B252590}"
EndProject
Global
	GlobalSection(SolutionConfigurationPlatforms) = preSolution
		Debug|Any CPU = Debug|Any CPU
		Release|Any CPU = Release|Any CPU
	EndGlobalSection
	GlobalSection(ProjectConfigurationPlatforms) = postSolution
		{13C19260-19A2-4381-8B75-FE142B252590}.Debug|Any CPU.ActiveCfg = Debug|Any CPU
		{13C19260-19A2-4381-8B75-FE142B252590}.Debug|Any CPU.Build.0 = Debug|Any CPU
		{13C19260-19A2-4381-8B75-FE142B252590}.Release|Any CPU.ActiveCfg = Release|Any CPU
		{13C19260-19A2-4381-8B75-FE142B252590}.Release|Any CPU.Build.0 = Release|Any CPU
	EndGlobalSection
	GlobalSection(SolutionProperties) = preSolution
		HideSolutionNode = FALSE
	EndGlobalSection
	GlobalSection(ExtensibilityGlobals) = postSolution
		SolutionGuid = {ED809D74-F98E-4704-BB0A-252D19DC9EEF}
	EndGlobalSection
EndGlobal
