
Microsoft Visual Studio Solution File, Format Version 12.00
# Visual Studio Version 17
VisualStudioVersion = 17.10.35013.160
MinimumVisualStudioVersion = 10.0.40219.1
Project("{FAE04EC0-301F-11D3-BF4B-00C04F79EFBC}") = "Herencia con Interfaces", "Herencia con Interfaces\Herencia con Interfaces.csproj", "{970A9B81-0032-4F12-B77F-FD456843DE0A}"
EndProject
Global
	GlobalSection(SolutionConfigurationPlatforms) = preSolution
		Debug|Any CPU = Debug|Any CPU
		Release|Any CPU = Release|Any CPU
	EndGlobalSection
	GlobalSection(ProjectConfigurationPlatforms) = postSolution
		{970A9B81-0032-4F12-B77F-FD456843DE0A}.Debug|Any CPU.ActiveCfg = Debug|Any CPU
		{970A9B81-0032-4F12-B77F-FD456843DE0A}.Debug|Any CPU.Build.0 = Debug|Any CPU
		{970A9B81-0032-4F12-B77F-FD456843DE0A}.Release|Any CPU.ActiveCfg = Release|Any CPU
		{970A9B81-0032-4F12-B77F-FD456843DE0A}.Release|Any CPU.Build.0 = Release|Any CPU
	EndGlobalSection
	GlobalSection(SolutionProperties) = preSolution
		HideSolutionNode = FALSE
	EndGlobalSection
	GlobalSection(ExtensibilityGlobals) = postSolution
		SolutionGuid = {53FB05F3-6A11-433E-896B-B0BBF4651D03}
	EndGlobalSection
EndGlobal
