
Microsoft Visual Studio Solution File, Format Version 12.00
# Visual Studio Version 17
VisualStudioVersion = 17.8.34330.188
MinimumVisualStudioVersion = 10.0.40219.1
Project("{FAE04EC0-301F-11D3-BF4B-00C04F79EFBC}") = "Central telefonica", "Central telefonica\Central telefonica.csproj", "{FE0E3FB8-8A62-4C7A-B972-1D5F68F9B0B6}"
EndProject
Global
	GlobalSection(SolutionConfigurationPlatforms) = preSolution
		Debug|Any CPU = Debug|Any CPU
		Release|Any CPU = Release|Any CPU
	EndGlobalSection
	GlobalSection(ProjectConfigurationPlatforms) = postSolution
		{FE0E3FB8-8A62-4C7A-B972-1D5F68F9B0B6}.Debug|Any CPU.ActiveCfg = Debug|Any CPU
		{FE0E3FB8-8A62-4C7A-B972-1D5F68F9B0B6}.Debug|Any CPU.Build.0 = Debug|Any CPU
		{FE0E3FB8-8A62-4C7A-B972-1D5F68F9B0B6}.Release|Any CPU.ActiveCfg = Release|Any CPU
		{FE0E3FB8-8A62-4C7A-B972-1D5F68F9B0B6}.Release|Any CPU.Build.0 = Release|Any CPU
	EndGlobalSection
	GlobalSection(SolutionProperties) = preSolution
		HideSolutionNode = FALSE
	EndGlobalSection
	GlobalSection(ExtensibilityGlobals) = postSolution
		SolutionGuid = {63810050-6B36-4625-AA90-56217BF890B6}
	EndGlobalSection
EndGlobal
