
Microsoft Visual Studio Solution File, Format Version 12.00
# Visual Studio Version 17
VisualStudioVersion = 17.8.34330.188
MinimumVisualStudioVersion = 10.0.40219.1
Project("{FAE04EC0-301F-11D3-BF4B-00C04F79EFBC}") = "Ejericicio 8", "Ejericicio 8\Ejericicio 8.csproj", "{2BDE16B7-EB43-4EDF-9B5C-4BBDE5FAAF4E}"
EndProject
Global
	GlobalSection(SolutionConfigurationPlatforms) = preSolution
		Debug|Any CPU = Debug|Any CPU
		Release|Any CPU = Release|Any CPU
	EndGlobalSection
	GlobalSection(ProjectConfigurationPlatforms) = postSolution
		{2BDE16B7-EB43-4EDF-9B5C-4BBDE5FAAF4E}.Debug|Any CPU.ActiveCfg = Debug|Any CPU
		{2BDE16B7-EB43-4EDF-9B5C-4BBDE5FAAF4E}.Debug|Any CPU.Build.0 = Debug|Any CPU
		{2BDE16B7-EB43-4EDF-9B5C-4BBDE5FAAF4E}.Release|Any CPU.ActiveCfg = Release|Any CPU
		{2BDE16B7-EB43-4EDF-9B5C-4BBDE5FAAF4E}.Release|Any CPU.Build.0 = Release|Any CPU
	EndGlobalSection
	GlobalSection(SolutionProperties) = preSolution
		HideSolutionNode = FALSE
	EndGlobalSection
	GlobalSection(ExtensibilityGlobals) = postSolution
		SolutionGuid = {A72E3464-705C-4FDE-BAE7-6E93A0CCC034}
	EndGlobalSection
EndGlobal
